
Microsoft Visual Studio Solution File, Format Version 12.00
# Visual Studio Version 16
VisualStudioVersion = 16.0.28803.452
MinimumVisualStudioVersion = 10.0.40219.1
Project("{FAE04EC0-301F-11D3-BF4B-00C04F79EFBC}") = "Konferencja", "Konferencja\Konferencja.csproj", "{B0401DBE-4E94-4853-9E9F-DEF6C2C34892}"
EndProject
Global
	GlobalSection(SolutionConfigurationPlatforms) = preSolution
		Debug|Any CPU = Debug|Any CPU
		Release|Any CPU = Release|Any CPU
	EndGlobalSection
	GlobalSection(ProjectConfigurationPlatforms) = postSolution
		{B0401DBE-4E94-4853-9E9F-DEF6C2C34892}.Debug|Any CPU.ActiveCfg = Debug|Any CPU
		{B0401DBE-4E94-4853-9E9F-DEF6C2C34892}.Debug|Any CPU.Build.0 = Debug|Any CPU
		{B0401DBE-4E94-4853-9E9F-DEF6C2C34892}.Release|Any CPU.ActiveCfg = Release|Any CPU
		{B0401DBE-4E94-4853-9E9F-DEF6C2C34892}.Release|Any CPU.Build.0 = Release|Any CPU
	EndGlobalSection
	GlobalSection(SolutionProperties) = preSolution
		HideSolutionNode = FALSE
	EndGlobalSection
	GlobalSection(ExtensibilityGlobals) = postSolution
		SolutionGuid = {56A5DEA1-B6DC-4962-A456-8389761D3D6B}
	EndGlobalSection
EndGlobal
